
Microsoft Visual Studio Solution File, Format Version 12.00
# Visual Studio 15
VisualStudioVersion = 15.0.28010.2050
MinimumVisualStudioVersion = 10.0.40219.1
Project("{9A19103F-16F7-4668-BE54-9A1E7A4F7556}") = "LibraryDemo", "LibraryDemo\LibraryDemo.csproj", "{8A774CE6-BE6C-42DA-B548-AD6569867765}"
EndProject
Project("{FAE04EC0-301F-11D3-BF4B-00C04F79EFBC}") = "LibraryDemo.UnitTest", "LibraryUnitTest\LibraryDemo.UnitTest.csproj", "{C36281FC-FA45-4610-9A38-EA1605F186D5}"
EndProject
Global
	GlobalSection(SolutionConfigurationPlatforms) = preSolution
		Debug|Any CPU = Debug|Any CPU
		Release|Any CPU = Release|Any CPU
	EndGlobalSection
	GlobalSection(ProjectConfigurationPlatforms) = postSolution
		{8A774CE6-BE6C-42DA-B548-AD6569867765}.Debug|Any CPU.ActiveCfg = Debug|Any CPU
		{8A774CE6-BE6C-42DA-B548-AD6569867765}.Debug|Any CPU.Build.0 = Debug|Any CPU
		{8A774CE6-BE6C-42DA-B548-AD6569867765}.Release|Any CPU.ActiveCfg = Release|Any CPU
		{8A774CE6-BE6C-42DA-B548-AD6569867765}.Release|Any CPU.Build.0 = Release|Any CPU
		{C36281FC-FA45-4610-9A38-EA1605F186D5}.Debug|Any CPU.ActiveCfg = Debug|Any CPU
		{C36281FC-FA45-4610-9A38-EA1605F186D5}.Debug|Any CPU.Build.0 = Debug|Any CPU
		{C36281FC-FA45-4610-9A38-EA1605F186D5}.Release|Any CPU.ActiveCfg = Release|Any CPU
		{C36281FC-FA45-4610-9A38-EA1605F186D5}.Release|Any CPU.Build.0 = Release|Any CPU
	EndGlobalSection
	GlobalSection(SolutionProperties) = preSolution
		HideSolutionNode = FALSE
	EndGlobalSection
	GlobalSection(ExtensibilityGlobals) = postSolution
		SolutionGuid = {31FD6174-6CDD-443D-8A8B-EBC9F2A629D8}
	EndGlobalSection
EndGlobal
